
Microsoft Visual Studio Solution File, Format Version 12.00
# Visual Studio Version 16
VisualStudioVersion = 16.0.30011.22
MinimumVisualStudioVersion = 10.0.40219.1
Project("{9A19103F-16F7-4668-BE54-9A1E7A4F7556}") = "Datos", "Datos\Datos.csproj", "{E7C90333-AFF5-4200-B1DE-56DB0EC7D85B}"
EndProject
Project("{9A19103F-16F7-4668-BE54-9A1E7A4F7556}") = "Dominio", "Dominio\Dominio.csproj", "{1A4E5D1A-3F79-4933-B56E-739DB8591AF3}"
EndProject
Project("{9A19103F-16F7-4668-BE54-9A1E7A4F7556}") = "Application", "Application\Application.csproj", "{5D962AEC-2805-4D17-AA03-0D7B0B72CC3A}"
EndProject
Project("{FAE04EC0-301F-11D3-BF4B-00C04F79EFBC}") = "Template.API2", "Template.API2\Template.API2.csproj", "{AA13F39A-464A-42F7-81EE-B43B79EA2646}"
EndProject
Global
	GlobalSection(SolutionConfigurationPlatforms) = preSolution
		Debug|Any CPU = Debug|Any CPU
		Release|Any CPU = Release|Any CPU
	EndGlobalSection
	GlobalSection(ProjectConfigurationPlatforms) = postSolution
		{E7C90333-AFF5-4200-B1DE-56DB0EC7D85B}.Debug|Any CPU.ActiveCfg = Debug|Any CPU
		{E7C90333-AFF5-4200-B1DE-56DB0EC7D85B}.Debug|Any CPU.Build.0 = Debug|Any CPU
		{E7C90333-AFF5-4200-B1DE-56DB0EC7D85B}.Release|Any CPU.ActiveCfg = Release|Any CPU
		{E7C90333-AFF5-4200-B1DE-56DB0EC7D85B}.Release|Any CPU.Build.0 = Release|Any CPU
		{1A4E5D1A-3F79-4933-B56E-739DB8591AF3}.Debug|Any CPU.ActiveCfg = Debug|Any CPU
		{1A4E5D1A-3F79-4933-B56E-739DB8591AF3}.Debug|Any CPU.Build.0 = Debug|Any CPU
		{1A4E5D1A-3F79-4933-B56E-739DB8591AF3}.Release|Any CPU.ActiveCfg = Release|Any CPU
		{1A4E5D1A-3F79-4933-B56E-739DB8591AF3}.Release|Any CPU.Build.0 = Release|Any CPU
		{5D962AEC-2805-4D17-AA03-0D7B0B72CC3A}.Debug|Any CPU.ActiveCfg = Debug|Any CPU
		{5D962AEC-2805-4D17-AA03-0D7B0B72CC3A}.Debug|Any CPU.Build.0 = Debug|Any CPU
		{5D962AEC-2805-4D17-AA03-0D7B0B72CC3A}.Release|Any CPU.ActiveCfg = Release|Any CPU
		{5D962AEC-2805-4D17-AA03-0D7B0B72CC3A}.Release|Any CPU.Build.0 = Release|Any CPU
		{AA13F39A-464A-42F7-81EE-B43B79EA2646}.Debug|Any CPU.ActiveCfg = Debug|Any CPU
		{AA13F39A-464A-42F7-81EE-B43B79EA2646}.Debug|Any CPU.Build.0 = Debug|Any CPU
		{AA13F39A-464A-42F7-81EE-B43B79EA2646}.Release|Any CPU.ActiveCfg = Release|Any CPU
		{AA13F39A-464A-42F7-81EE-B43B79EA2646}.Release|Any CPU.Build.0 = Release|Any CPU
	EndGlobalSection
	GlobalSection(SolutionProperties) = preSolution
		HideSolutionNode = FALSE
	EndGlobalSection
	GlobalSection(ExtensibilityGlobals) = postSolution
		SolutionGuid = {1132F263-3CA4-4A25-8FE0-41D895FD9A09}
	EndGlobalSection
EndGlobal
